<?xml version="1.0" encoding="utf-8"?>
<Project ToolsVersion="4.0" xmlns="http://schemas.microsoft.com/developer/msbuild/2003">
  <ItemGroup>
    <Filter Include="Tests">
      <UniqueIdentifier>{4FC737F1-C7A5-4376-A066-2A32D752A2FF}</UniqueIdentifier>
      <Extensions>cpp;c;cc;cxx;c++;cppm;ixx;def;odl;idl;hpj;bat;asm;asmx</Extensions>
    </Filter>
    <Filter Include="Tests\algorithm">
      <UniqueIdentifier>{98539dc6-df1b-4481-86d3-6d7c66912afa}</UniqueIdentifier>
    </Filter>
    <Filter Include="Tests\stdext">
      <UniqueIdentifier>{8229dfc9-17a6-4ddb-82ca-7f8bc265447e}</UniqueIdentifier>
    </Filter>
  </ItemGroup>
  <ItemGroup>
    <ClCompile Include="test\ppfbase_test.cpp">
      <Filter>Tests</Filter>
    </ClCompile>
    <ClCompile Include="test\algorithm\crc32_test.cpp">
      <Filter>Tests\algorithm</Filter>
    </ClCompile>
    <ClCompile Include="test\stdext\type_traits_test.cpp">
      <Filter>Tests\stdext</Filter>
    </ClCompile>
  </ItemGroup>
</Project>