<?xml version="1.0" encoding="utf-8"?>
<Project ToolsVersion="4.0" xmlns="http://schemas.microsoft.com/developer/msbuild/2003">
  <ItemGroup>
    <Filter Include="PublicHeaders">
      <UniqueIdentifier>{93995380-89BD-4b04-88EB-625FBE52EBFB}</UniqueIdentifier>
      <Extensions>h;hh;hpp;hxx;h++;hm;inl;inc;ipp;xsd</Extensions>
    </Filter>
    <Filter Include="Source">
      <UniqueIdentifier>{4FC737F1-C7A5-4376-A066-2A32D752A2FF}</UniqueIdentifier>
      <Extensions>cpp;c;cc;cxx;c++;cppm;ixx;def;odl;idl;hpj;bat;asm;asmx</Extensions>
    </Filter>
    <Filter Include="PublicHeaders\rom_patch">
      <UniqueIdentifier>{a4a5c56c-6ac4-49f6-9a7d-140411aa7cb5}</UniqueIdentifier>
    </Filter>
    <Filter Include="Source\rom_patch">
      <UniqueIdentifier>{a41d2396-b6c8-4526-967e-39f480cd4b71}</UniqueIdentifier>
    </Filter>
    <Filter Include="PublicHeaders\rom_patch\ppf">
      <UniqueIdentifier>{361f698c-59f5-402a-a31e-d6f697b7f867}</UniqueIdentifier>
    </Filter>
    <Filter Include="Source\rom_patch\ppf">
      <UniqueIdentifier>{1621f1ac-5d08-49b7-b334-9d407dd42072}</UniqueIdentifier>
    </Filter>
    <Filter Include="PublicHeaders\config">
      <UniqueIdentifier>{0f0ba855-d1af-4805-a763-0a7899604e14}</UniqueIdentifier>
    </Filter>
    <Filter Include="Source\config">
      <UniqueIdentifier>{76927b45-7aae-42cf-a069-397b909c146a}</UniqueIdentifier>
    </Filter>
    <Filter Include="PublicHeaders\rom_patch\cd">
      <UniqueIdentifier>{2ef0bf40-7468-445d-a223-df89f9adbf55}</UniqueIdentifier>
    </Filter>
    <Filter Include="Source\rom_patch\cd">
      <UniqueIdentifier>{97b91867-b020-429a-ad2e-0ffb6a33d0b3}</UniqueIdentifier>
    </Filter>
  </ItemGroup>
  <ItemGroup>
    <ClInclude Include="inc\ppftk\rom_patch\ppf\parser.h">
      <Filter>PublicHeaders\rom_patch\ppf</Filter>
    </ClInclude>
    <ClInclude Include="inc\ppftk\rom_patch\patch_descriptor.h">
      <Filter>PublicHeaders\rom_patch</Filter>
    </ClInclude>
    <ClInclude Include="inc\ppftk\rom_patch\flat_patch.h">
      <Filter>PublicHeaders\rom_patch</Filter>
    </ClInclude>
    <ClInclude Include="src\rom_patch\ppf\v3.h">
      <Filter>Source\rom_patch\ppf</Filter>
    </ClInclude>
    <ClInclude Include="inc\ppftk\rom_patch\patch_item.h">
      <Filter>PublicHeaders\rom_patch</Filter>
    </ClInclude>
    <ClInclude Include="src\rom_patch\ppf\schema.h">
      <Filter>Source\rom_patch\ppf</Filter>
    </ClInclude>
    <ClInclude Include="inc\ppftk\rom_patch\ppf\ppf3.h">
      <Filter>PublicHeaders\rom_patch\ppf</Filter>
    </ClInclude>
    <ClInclude Include="inc\ppftk\config\app.h">
      <Filter>PublicHeaders\config</Filter>
    </ClInclude>
    <ClInclude Include="inc\ppftk\config\patch.h">
      <Filter>PublicHeaders\config</Filter>
    </ClInclude>
    <ClInclude Include="inc\ppftk\rom_patch\patch_file_exts.h">
      <Filter>PublicHeaders\rom_patch</Filter>
    </ClInclude>
    <ClInclude Include="src\config\app_impl.h">
      <Filter>Source\config</Filter>
    </ClInclude>
    <ClInclude Include="inc\ppftk\rom_patch\ipatcher.h">
      <Filter>PublicHeaders\rom_patch</Filter>
    </ClInclude>
    <ClInclude Include="inc\ppftk\rom_patch\simple_patcher.h">
      <Filter>PublicHeaders\rom_patch</Filter>
    </ClInclude>
    <ClInclude Include="inc\ppftk\rom_patch\patchers.h">
      <Filter>PublicHeaders\rom_patch</Filter>
    </ClInclude>
    <ClInclude Include="inc\ppftk\rom_patch\cd\sector_patch.h">
      <Filter>PublicHeaders\rom_patch\cd</Filter>
    </ClInclude>
    <ClInclude Include="inc\ppftk\rom_patch\cd\spec.h">
      <Filter>PublicHeaders\rom_patch\cd</Filter>
    </ClInclude>
    <ClInclude Include="inc\ppftk\rom_patch\cd\patcher.h">
      <Filter>PublicHeaders\rom_patch\cd</Filter>
    </ClInclude>
    <ClInclude Include="src\rom_patch\apply_patches.h">
      <Filter>Source\rom_patch</Filter>
    </ClInclude>
    <ClInclude Include="inc\ppftk\rom_patch\cd\sector_range.h">
      <Filter>PublicHeaders\rom_patch\cd</Filter>
    </ClInclude>
    <ClInclude Include="inc\ppftk\rom_patch\cd\sector_patch.h">
      <Filter>PublicHeaders\rom_patch\cd</Filter>
    </ClInclude>
    <ClInclude Include="src\rom_patch\apply_patches.h">
      <Filter>Source\rom_patch</Filter>
    </ClInclude>
    <ClInclude Include="inc\ppftk\rom_patch\cd\sector_view.h">
      <Filter>PublicHeaders\rom_patch\cd</Filter>
    </ClInclude>
  </ItemGroup>
  <ItemGroup>
    <ClCompile Include="src\rom_patch\flat_patch.cpp">
      <Filter>Source\rom_patch</Filter>
    </ClCompile>
    <ClCompile Include="src\rom_patch\patch_descriptor.cpp">
      <Filter>Source\rom_patch</Filter>
    </ClCompile>
    <ClCompile Include="src\rom_patch\ppf\parser.cpp">
      <Filter>Source\rom_patch\ppf</Filter>
    </ClCompile>
    <ClCompile Include="src\rom_patch\ppf\v3.cpp">
      <Filter>Source\rom_patch\ppf</Filter>
    </ClCompile>
    <ClCompile Include="src\rom_patch\ppf\ppf3.cpp">
      <Filter>Source\rom_patch\ppf</Filter>
    </ClCompile>
    <ClCompile Include="src\config\app_impl.cpp">
      <Filter>Source\config</Filter>
    </ClCompile>
    <ClCompile Include="src\config\patch.cpp">
      <Filter>Source\config</Filter>
    </ClCompile>
    <ClCompile Include="src\config\app.cpp">
      <Filter>Source\config</Filter>
    </ClCompile>
    <ClCompile Include="src\rom_patch\simple_patcher.cpp">
      <Filter>Source\rom_patch</Filter>
    </ClCompile>
    <ClCompile Include="src\rom_patch\cd\patcher.cpp">
      <Filter>Source\rom_patch\cd</Filter>
    </ClCompile>
    <ClCompile Include="src\rom_patch\cd\sector_patch.cpp">
      <Filter>Source\rom_patch\cd</Filter>
    </ClCompile>
    <ClCompile Include="src\rom_patch\cd\sector_range.cpp">
      <Filter>Source\rom_patch\cd</Filter>
    </ClCompile>
    <ClCompile Include="src\rom_patch\cd\sector_patch.cpp">
      <Filter>Source\rom_patch\cd</Filter>
    </ClCompile>
    <ClCompile Include="src\rom_patch\cd\sector_view.cpp">
      <Filter>Source\rom_patch\cd</Filter>
    </ClCompile>
  </ItemGroup>
</Project>